
Microsoft Visual Studio Solution File, Format Version 12.00
# Visual Studio Version 16
VisualStudioVersion = 16.0.29009.5
MinimumVisualStudioVersion = 10.0.40219.1
Project("{FAE04EC0-301F-11D3-BF4B-00C04F79EFBC}") = "linq", "linq\linq.csproj", "{C1E0F7F0-570F-451A-9BE8-5E29E38EE53B}"
EndProject
Project("{FAE04EC0-301F-11D3-BF4B-00C04F79EFBC}") = "linked.list", "linked.list\linked.list.csproj", "{CA19A2E4-EB03-4328-8908-8F1F8904EDD8}"
EndProject
Project("{FAE04EC0-301F-11D3-BF4B-00C04F79EFBC}") = "test.linked.list", "test.linked.list\test.linked.list.csproj", "{D937D1D7-3C0D-46E6-AAB7-01351A999777}"
EndProject
Global
	GlobalSection(SolutionConfigurationPlatforms) = preSolution
		Debug|Any CPU = Debug|Any CPU
		Debug|Mixed Platforms = Debug|Mixed Platforms
		Debug|x86 = Debug|x86
		Release|Any CPU = Release|Any CPU
		Release|Mixed Platforms = Release|Mixed Platforms
		Release|x86 = Release|x86
	EndGlobalSection
	GlobalSection(ProjectConfigurationPlatforms) = postSolution
		{C1E0F7F0-570F-451A-9BE8-5E29E38EE53B}.Debug|Any CPU.ActiveCfg = Debug|x86
		{C1E0F7F0-570F-451A-9BE8-5E29E38EE53B}.Debug|Mixed Platforms.ActiveCfg = Debug|x86
		{C1E0F7F0-570F-451A-9BE8-5E29E38EE53B}.Debug|Mixed Platforms.Build.0 = Debug|x86
		{C1E0F7F0-570F-451A-9BE8-5E29E38EE53B}.Debug|x86.ActiveCfg = Debug|x86
		{C1E0F7F0-570F-451A-9BE8-5E29E38EE53B}.Debug|x86.Build.0 = Debug|x86
		{C1E0F7F0-570F-451A-9BE8-5E29E38EE53B}.Release|Any CPU.ActiveCfg = Release|x86
		{C1E0F7F0-570F-451A-9BE8-5E29E38EE53B}.Release|Mixed Platforms.ActiveCfg = Release|x86
		{C1E0F7F0-570F-451A-9BE8-5E29E38EE53B}.Release|Mixed Platforms.Build.0 = Release|x86
		{C1E0F7F0-570F-451A-9BE8-5E29E38EE53B}.Release|x86.ActiveCfg = Release|x86
		{C1E0F7F0-570F-451A-9BE8-5E29E38EE53B}.Release|x86.Build.0 = Release|x86
		{CA19A2E4-EB03-4328-8908-8F1F8904EDD8}.Debug|Any CPU.ActiveCfg = Debug|Any CPU
		{CA19A2E4-EB03-4328-8908-8F1F8904EDD8}.Debug|Any CPU.Build.0 = Debug|Any CPU
		{CA19A2E4-EB03-4328-8908-8F1F8904EDD8}.Debug|Mixed Platforms.ActiveCfg = Debug|Any CPU
		{CA19A2E4-EB03-4328-8908-8F1F8904EDD8}.Debug|Mixed Platforms.Build.0 = Debug|Any CPU
		{CA19A2E4-EB03-4328-8908-8F1F8904EDD8}.Debug|x86.ActiveCfg = Debug|Any CPU
		{CA19A2E4-EB03-4328-8908-8F1F8904EDD8}.Debug|x86.Build.0 = Debug|Any CPU
		{CA19A2E4-EB03-4328-8908-8F1F8904EDD8}.Release|Any CPU.ActiveCfg = Release|Any CPU
		{CA19A2E4-EB03-4328-8908-8F1F8904EDD8}.Release|Any CPU.Build.0 = Release|Any CPU
		{CA19A2E4-EB03-4328-8908-8F1F8904EDD8}.Release|Mixed Platforms.ActiveCfg = Release|Any CPU
		{CA19A2E4-EB03-4328-8908-8F1F8904EDD8}.Release|Mixed Platforms.Build.0 = Release|Any CPU
		{CA19A2E4-EB03-4328-8908-8F1F8904EDD8}.Release|x86.ActiveCfg = Release|Any CPU
		{CA19A2E4-EB03-4328-8908-8F1F8904EDD8}.Release|x86.Build.0 = Release|Any CPU
		{D937D1D7-3C0D-46E6-AAB7-01351A999777}.Debug|Any CPU.ActiveCfg = Debug|Any CPU
		{D937D1D7-3C0D-46E6-AAB7-01351A999777}.Debug|Any CPU.Build.0 = Debug|Any CPU
		{D937D1D7-3C0D-46E6-AAB7-01351A999777}.Debug|Mixed Platforms.ActiveCfg = Debug|Any CPU
		{D937D1D7-3C0D-46E6-AAB7-01351A999777}.Debug|Mixed Platforms.Build.0 = Debug|Any CPU
		{D937D1D7-3C0D-46E6-AAB7-01351A999777}.Debug|x86.ActiveCfg = Debug|Any CPU
		{D937D1D7-3C0D-46E6-AAB7-01351A999777}.Debug|x86.Build.0 = Debug|Any CPU
		{D937D1D7-3C0D-46E6-AAB7-01351A999777}.Release|Any CPU.ActiveCfg = Release|Any CPU
		{D937D1D7-3C0D-46E6-AAB7-01351A999777}.Release|Any CPU.Build.0 = Release|Any CPU
		{D937D1D7-3C0D-46E6-AAB7-01351A999777}.Release|Mixed Platforms.ActiveCfg = Release|Any CPU
		{D937D1D7-3C0D-46E6-AAB7-01351A999777}.Release|Mixed Platforms.Build.0 = Release|Any CPU
		{D937D1D7-3C0D-46E6-AAB7-01351A999777}.Release|x86.ActiveCfg = Release|Any CPU
		{D937D1D7-3C0D-46E6-AAB7-01351A999777}.Release|x86.Build.0 = Release|Any CPU
	EndGlobalSection
	GlobalSection(SolutionProperties) = preSolution
		HideSolutionNode = FALSE
	EndGlobalSection
	GlobalSection(ExtensibilityGlobals) = postSolution
		SolutionGuid = {C5A73493-7F69-4B1C-9DF4-AA2D5F536FF8}
	EndGlobalSection
	GlobalSection(TestCaseManagementSettings) = postSolution
		CategoryFile = lab07.vsmdi
	EndGlobalSection
EndGlobal
