
Microsoft Visual Studio Solution File, Format Version 12.00
# Visual Studio Version 16
VisualStudioVersion = 16.0.29728.190
MinimumVisualStudioVersion = 10.0.40219.1
Project("{FAE04EC0-301F-11D3-BF4B-00C04F79EFBC}") = "use.linked.list", "lab01.list.linked\use.linked.list.csproj", "{AF5503D3-EE04-4FA6-802E-AA541641092D}"
EndProject
Project("{FAE04EC0-301F-11D3-BF4B-00C04F79EFBC}") = "linked.list", "linked.list\linked.list.csproj", "{CA19A2E4-EB03-4328-8908-8F1F8904EDD8}"
EndProject
Global
	GlobalSection(SolutionConfigurationPlatforms) = preSolution
		Debug|Any CPU = Debug|Any CPU
		Release|Any CPU = Release|Any CPU
	EndGlobalSection
	GlobalSection(ProjectConfigurationPlatforms) = postSolution
		{AF5503D3-EE04-4FA6-802E-AA541641092D}.Debug|Any CPU.ActiveCfg = Debug|Any CPU
		{AF5503D3-EE04-4FA6-802E-AA541641092D}.Debug|Any CPU.Build.0 = Debug|Any CPU
		{AF5503D3-EE04-4FA6-802E-AA541641092D}.Release|Any CPU.ActiveCfg = Release|Any CPU
		{AF5503D3-EE04-4FA6-802E-AA541641092D}.Release|Any CPU.Build.0 = Release|Any CPU
		{CA19A2E4-EB03-4328-8908-8F1F8904EDD8}.Debug|Any CPU.ActiveCfg = Debug|Any CPU
		{CA19A2E4-EB03-4328-8908-8F1F8904EDD8}.Debug|Any CPU.Build.0 = Debug|Any CPU
		{CA19A2E4-EB03-4328-8908-8F1F8904EDD8}.Release|Any CPU.ActiveCfg = Release|Any CPU
		{CA19A2E4-EB03-4328-8908-8F1F8904EDD8}.Release|Any CPU.Build.0 = Release|Any CPU
	EndGlobalSection
	GlobalSection(SolutionProperties) = preSolution
		HideSolutionNode = FALSE
	EndGlobalSection
	GlobalSection(ExtensibilityGlobals) = postSolution
		SolutionGuid = {D170460A-518E-4A6E-A814-B81868D2ABBB}
	EndGlobalSection
EndGlobal
